
Microsoft Visual Studio Solution File, Format Version 12.00
# Visual Studio Version 16
VisualStudioVersion = 16.0.30330.147
MinimumVisualStudioVersion = 10.0.40219.1
Project("{FAE04EC0-301F-11D3-BF4B-00C04F79EFBC}") = "01_Cafe_Menu", "01_Cafe_Menu\01_Cafe_Menu.csproj", "{677120DD-B52F-4868-89EB-9E37DB82AE8C}"
EndProject
Project("{FAE04EC0-301F-11D3-BF4B-00C04F79EFBC}") = "01_Cafe_Console", "01_Cafe_Console\01_Cafe_Console.csproj", "{72CADFF9-7967-473F-902A-8EE28CDB7364}"
EndProject
Project("{FAE04EC0-301F-11D3-BF4B-00C04F79EFBC}") = "01_Cafe_Tests", "01_Cafe_Tests\01_Cafe_Tests.csproj", "{F13682A9-446F-4181-8030-5F2F78D87124}"
EndProject
Project("{FAE04EC0-301F-11D3-BF4B-00C04F79EFBC}") = "02_Claims_Department", "02_Claims_Department\02_Claims_Department.csproj", "{E206E2B9-B221-4C30-90D8-D13DF57F8A57}"
EndProject
Project("{FAE04EC0-301F-11D3-BF4B-00C04F79EFBC}") = "02_Claims_Console", "02_Claims_Console\02_Claims_Console.csproj", "{B95689DF-F6CD-439A-B1DA-54EA6FD34899}"
EndProject
Project("{FAE04EC0-301F-11D3-BF4B-00C04F79EFBC}") = "02_Claims_Tests", "02_Claims_Tests\02_Claims_Tests.csproj", "{254963E9-1977-4FA6-ADBA-6E26505D9301}"
EndProject
Project("{FAE04EC0-301F-11D3-BF4B-00C04F79EFBC}") = "03_Badges_Vault", "03_Badges_Vault\03_Badges_Vault.csproj", "{AB7928D3-FCA9-482C-9E45-C211E975DB4B}"
EndProject
Project("{FAE04EC0-301F-11D3-BF4B-00C04F79EFBC}") = "03_Badges_Console", "03_Badges_Console\03_Badges_Console.csproj", "{933BFE20-E9BB-4B41-972F-4A3C8EDFD073}"
EndProject
Project("{FAE04EC0-301F-11D3-BF4B-00C04F79EFBC}") = "03_Badges_Tests", "03_Badges_Tests\03_Badges_Tests.csproj", "{59A85B51-A741-409A-8438-3F666FC68194}"
EndProject
Global
	GlobalSection(SolutionConfigurationPlatforms) = preSolution
		Debug|Any CPU = Debug|Any CPU
		Release|Any CPU = Release|Any CPU
	EndGlobalSection
	GlobalSection(ProjectConfigurationPlatforms) = postSolution
		{677120DD-B52F-4868-89EB-9E37DB82AE8C}.Debug|Any CPU.ActiveCfg = Debug|Any CPU
		{677120DD-B52F-4868-89EB-9E37DB82AE8C}.Debug|Any CPU.Build.0 = Debug|Any CPU
		{677120DD-B52F-4868-89EB-9E37DB82AE8C}.Release|Any CPU.ActiveCfg = Release|Any CPU
		{677120DD-B52F-4868-89EB-9E37DB82AE8C}.Release|Any CPU.Build.0 = Release|Any CPU
		{72CADFF9-7967-473F-902A-8EE28CDB7364}.Debug|Any CPU.ActiveCfg = Debug|Any CPU
		{72CADFF9-7967-473F-902A-8EE28CDB7364}.Debug|Any CPU.Build.0 = Debug|Any CPU
		{72CADFF9-7967-473F-902A-8EE28CDB7364}.Release|Any CPU.ActiveCfg = Release|Any CPU
		{72CADFF9-7967-473F-902A-8EE28CDB7364}.Release|Any CPU.Build.0 = Release|Any CPU
		{F13682A9-446F-4181-8030-5F2F78D87124}.Debug|Any CPU.ActiveCfg = Debug|Any CPU
		{F13682A9-446F-4181-8030-5F2F78D87124}.Debug|Any CPU.Build.0 = Debug|Any CPU
		{F13682A9-446F-4181-8030-5F2F78D87124}.Release|Any CPU.ActiveCfg = Release|Any CPU
		{F13682A9-446F-4181-8030-5F2F78D87124}.Release|Any CPU.Build.0 = Release|Any CPU
		{E206E2B9-B221-4C30-90D8-D13DF57F8A57}.Debug|Any CPU.ActiveCfg = Debug|Any CPU
		{E206E2B9-B221-4C30-90D8-D13DF57F8A57}.Debug|Any CPU.Build.0 = Debug|Any CPU
		{E206E2B9-B221-4C30-90D8-D13DF57F8A57}.Release|Any CPU.ActiveCfg = Release|Any CPU
		{E206E2B9-B221-4C30-90D8-D13DF57F8A57}.Release|Any CPU.Build.0 = Release|Any CPU
		{B95689DF-F6CD-439A-B1DA-54EA6FD34899}.Debug|Any CPU.ActiveCfg = Debug|Any CPU
		{B95689DF-F6CD-439A-B1DA-54EA6FD34899}.Debug|Any CPU.Build.0 = Debug|Any CPU
		{B95689DF-F6CD-439A-B1DA-54EA6FD34899}.Release|Any CPU.ActiveCfg = Release|Any CPU
		{B95689DF-F6CD-439A-B1DA-54EA6FD34899}.Release|Any CPU.Build.0 = Release|Any CPU
		{254963E9-1977-4FA6-ADBA-6E26505D9301}.Debug|Any CPU.ActiveCfg = Debug|Any CPU
		{254963E9-1977-4FA6-ADBA-6E26505D9301}.Debug|Any CPU.Build.0 = Debug|Any CPU
		{254963E9-1977-4FA6-ADBA-6E26505D9301}.Release|Any CPU.ActiveCfg = Release|Any CPU
		{254963E9-1977-4FA6-ADBA-6E26505D9301}.Release|Any CPU.Build.0 = Release|Any CPU
		{AB7928D3-FCA9-482C-9E45-C211E975DB4B}.Debug|Any CPU.ActiveCfg = Debug|Any CPU
		{AB7928D3-FCA9-482C-9E45-C211E975DB4B}.Debug|Any CPU.Build.0 = Debug|Any CPU
		{AB7928D3-FCA9-482C-9E45-C211E975DB4B}.Release|Any CPU.ActiveCfg = Release|Any CPU
		{AB7928D3-FCA9-482C-9E45-C211E975DB4B}.Release|Any CPU.Build.0 = Release|Any CPU
		{933BFE20-E9BB-4B41-972F-4A3C8EDFD073}.Debug|Any CPU.ActiveCfg = Debug|Any CPU
		{933BFE20-E9BB-4B41-972F-4A3C8EDFD073}.Debug|Any CPU.Build.0 = Debug|Any CPU
		{933BFE20-E9BB-4B41-972F-4A3C8EDFD073}.Release|Any CPU.ActiveCfg = Release|Any CPU
		{933BFE20-E9BB-4B41-972F-4A3C8EDFD073}.Release|Any CPU.Build.0 = Release|Any CPU
		{59A85B51-A741-409A-8438-3F666FC68194}.Debug|Any CPU.ActiveCfg = Debug|Any CPU
		{59A85B51-A741-409A-8438-3F666FC68194}.Debug|Any CPU.Build.0 = Debug|Any CPU
		{59A85B51-A741-409A-8438-3F666FC68194}.Release|Any CPU.ActiveCfg = Release|Any CPU
		{59A85B51-A741-409A-8438-3F666FC68194}.Release|Any CPU.Build.0 = Release|Any CPU
	EndGlobalSection
	GlobalSection(SolutionProperties) = preSolution
		HideSolutionNode = FALSE
	EndGlobalSection
	GlobalSection(ExtensibilityGlobals) = postSolution
		SolutionGuid = {3D873750-7AE0-4D60-834E-E0D919D2CF0C}
	EndGlobalSection
EndGlobal
